
Microsoft Visual Studio Solution File, Format Version 12.00
# Visual Studio Version 17
VisualStudioVersion = 17.0.31903.59
MinimumVisualStudioVersion = 10.0.40219.1
Project("{FAE04EC0-301F-11D3-BF4B-00C04F79EFBC}") = "XUnit.Coverlet.Collector", "XUnit.Coverlet.Collector\XUnit.Coverlet.Collector.csproj", "{56AF0E3F-3FD0-4594-837A-88A223AA9DEA}"
EndProject
Project("{FAE04EC0-301F-11D3-BF4B-00C04F79EFBC}") = "SOAPConsumeFunction0", "SOAPConsumeFunction0.csproj", "{63FE909B-AC93-4D35-A3FF-18516CA1ECDB}"
EndProject
Global
	GlobalSection(SolutionConfigurationPlatforms) = preSolution
		Debug|Any CPU = Debug|Any CPU
		Release|Any CPU = Release|Any CPU
	EndGlobalSection
	GlobalSection(SolutionProperties) = preSolution
		HideSolutionNode = FALSE
	EndGlobalSection
	GlobalSection(ProjectConfigurationPlatforms) = postSolution
		{56AF0E3F-3FD0-4594-837A-88A223AA9DEA}.Debug|Any CPU.ActiveCfg = Debug|Any CPU
		{56AF0E3F-3FD0-4594-837A-88A223AA9DEA}.Debug|Any CPU.Build.0 = Debug|Any CPU
		{56AF0E3F-3FD0-4594-837A-88A223AA9DEA}.Release|Any CPU.ActiveCfg = Release|Any CPU
		{56AF0E3F-3FD0-4594-837A-88A223AA9DEA}.Release|Any CPU.Build.0 = Release|Any CPU
		{63FE909B-AC93-4D35-A3FF-18516CA1ECDB}.Debug|Any CPU.ActiveCfg = Debug|Any CPU
		{63FE909B-AC93-4D35-A3FF-18516CA1ECDB}.Debug|Any CPU.Build.0 = Debug|Any CPU
		{63FE909B-AC93-4D35-A3FF-18516CA1ECDB}.Release|Any CPU.ActiveCfg = Release|Any CPU
		{63FE909B-AC93-4D35-A3FF-18516CA1ECDB}.Release|Any CPU.Build.0 = Release|Any CPU
	EndGlobalSection
EndGlobal
